
Microsoft Visual Studio Solution File, Format Version 12.00
# Visual Studio Version 17
VisualStudioVersion = 17.6.33829.357
MinimumVisualStudioVersion = 10.0.40219.1
Project("{FAE04EC0-301F-11D3-BF4B-00C04F79EFBC}") = "BitirmeProjesi", "BitirmeProjesi.csproj", "{193AFB4F-7DE0-4F17-BA4E-EF1CA36B0E6F}"
EndProject
Project("{FAE04EC0-301F-11D3-BF4B-00C04F79EFBC}") = "BitirmeProjesi.Data", "BitirmeProjesi.Data\BitirmeProjesi.Data.csproj", "{5DC777E3-6898-496B-9A26-DC32B2961929}"
EndProject
Project("{FAE04EC0-301F-11D3-BF4B-00C04F79EFBC}") = "BitirmeProjesi.Data.Model", "BitirmeProjesi.Data.Model\BitirmeProjesi.Data.Model.csproj", "{BC553826-3BB4-4E91-BC2A-B99F3E41BDF5}"
EndProject
Global
	GlobalSection(SolutionConfigurationPlatforms) = preSolution
		Debug|Any CPU = Debug|Any CPU
		Release|Any CPU = Release|Any CPU
	EndGlobalSection
	GlobalSection(ProjectConfigurationPlatforms) = postSolution
		{193AFB4F-7DE0-4F17-BA4E-EF1CA36B0E6F}.Debug|Any CPU.ActiveCfg = Debug|Any CPU
		{193AFB4F-7DE0-4F17-BA4E-EF1CA36B0E6F}.Debug|Any CPU.Build.0 = Debug|Any CPU
		{193AFB4F-7DE0-4F17-BA4E-EF1CA36B0E6F}.Release|Any CPU.ActiveCfg = Release|Any CPU
		{193AFB4F-7DE0-4F17-BA4E-EF1CA36B0E6F}.Release|Any CPU.Build.0 = Release|Any CPU
		{5DC777E3-6898-496B-9A26-DC32B2961929}.Debug|Any CPU.ActiveCfg = Debug|Any CPU
		{5DC777E3-6898-496B-9A26-DC32B2961929}.Debug|Any CPU.Build.0 = Debug|Any CPU
		{5DC777E3-6898-496B-9A26-DC32B2961929}.Release|Any CPU.ActiveCfg = Release|Any CPU
		{5DC777E3-6898-496B-9A26-DC32B2961929}.Release|Any CPU.Build.0 = Release|Any CPU
		{BC553826-3BB4-4E91-BC2A-B99F3E41BDF5}.Debug|Any CPU.ActiveCfg = Debug|Any CPU
		{BC553826-3BB4-4E91-BC2A-B99F3E41BDF5}.Debug|Any CPU.Build.0 = Debug|Any CPU
		{BC553826-3BB4-4E91-BC2A-B99F3E41BDF5}.Release|Any CPU.ActiveCfg = Release|Any CPU
		{BC553826-3BB4-4E91-BC2A-B99F3E41BDF5}.Release|Any CPU.Build.0 = Release|Any CPU
	EndGlobalSection
	GlobalSection(SolutionProperties) = preSolution
		HideSolutionNode = FALSE
	EndGlobalSection
	GlobalSection(ExtensibilityGlobals) = postSolution
		SolutionGuid = {A1BE55EC-B227-4BE8-B1F3-E7542920C2FE}
	EndGlobalSection
EndGlobal
